// !$*UTF8*$!
{
	archiveVersion = 1;
	classes = {
	};
	objectVersion = 60;
	objects = {

/* Begin PBXBuildFile section */
		CB02488E2A91D8C700F15CDA /* AppDelegate.swift in Sources */ = {isa = PBXBuildFile; fileRef = CB02488D2A91D8C700F15CDA /* AppDelegate.swift */; };
		CB0248902A91D8C700F15CDA /* SceneDelegate.swift in Sources */ = {isa = PBXBuildFile; fileRef = CB02488F2A91D8C700F15CDA /* SceneDelegate.swift */; };
		CB0248922A91D8C700F15CDA /* ViewController.swift in Sources */ = {isa = PBXBuildFile; fileRef = CB0248912A91D8C700F15CDA /* ViewController.swift */; };
		CB0248952A91D8C700F15CDA /* Main.storyboard in Resources */ = {isa = PBXBuildFile; fileRef = CB0248932A91D8C700F15CDA /* Main.storyboard */; };
		CB0248972A91D8CA00F15CDA /* Assets.xcassets in Resources */ = {isa = PBXBuildFile; fileRef = CB0248962A91D8CA00F15CDA /* Assets.xcassets */; };
		CB02489A2A91D8CA00F15CDA /* LaunchScreen.storyboard in Resources */ = {isa = PBXBuildFile; fileRef = CB0248982A91D8CA00F15CDA /* LaunchScreen.storyboard */; };
		CBF8F8E12A9251A900B48D5E /* UIKitPreview in Frameworks */ = {isa = PBXBuildFile; productRef = CBF8F8E02A9251A900B48D5E /* UIKitPreview */; };
/* End PBXBuildFile section */

/* Begin PBXFileReference section */
		CB02488A2A91D8C700F15CDA /* UIKitPreviewDemoApp.app */ = {isa = PBXFileReference; explicitFileType = wrapper.application; includeInIndex = 0; path = UIKitPreviewDemoApp.app; sourceTree = BUILT_PRODUCTS_DIR; };
		CB02488D2A91D8C700F15CDA /* AppDelegate.swift */ = {isa = PBXFileReference; lastKnownFileType = sourcecode.swift; path = AppDelegate.swift; sourceTree = "<group>"; };
		CB02488F2A91D8C700F15CDA /* SceneDelegate.swift */ = {isa = PBXFileReference; lastKnownFileType = sourcecode.swift; path = SceneDelegate.swift; sourceTree = "<group>"; };
		CB0248912A91D8C700F15CDA /* ViewController.swift */ = {isa = PBXFileReference; lastKnownFileType = sourcecode.swift; path = ViewController.swift; sourceTree = "<group>"; };
		CB0248942A91D8C700F15CDA /* Base */ = {isa = PBXFileReference; lastKnownFileType = file.storyboard; name = Base; path = Base.lproj/Main.storyboard; sourceTree = "<group>"; };
		CB0248962A91D8CA00F15CDA /* Assets.xcassets */ = {isa = PBXFileReference; lastKnownFileType = folder.assetcatalog; path = Assets.xcassets; sourceTree = "<group>"; };
		CB0248992A91D8CA00F15CDA /* Base */ = {isa = PBXFileReference; lastKnownFileType = file.storyboard; name = Base; path = Base.lproj/LaunchScreen.storyboard; sourceTree = "<group>"; };
		CB02489B2A91D8CA00F15CDA /* Info.plist */ = {isa = PBXFileReference; lastKnownFileType = text.plist.xml; path = Info.plist; sourceTree = "<group>"; };
/* End PBXFileReference section */

/* Begin PBXFrameworksBuildPhase section */
		CB0248872A91D8C700F15CDA /* Frameworks */ = {
			isa = PBXFrameworksBuildPhase;
			buildActionMask = 2147483647;
			files = (
				CBF8F8E12A9251A900B48D5E /* UIKitPreview in Frameworks */,
			);
			runOnlyForDeploymentPostprocessing = 0;
		};
/* End PBXFrameworksBuildPhase section */

/* Begin PBXGroup section */
		CB0248812A91D8C700F15CDA = {
			isa = PBXGroup;
			children = (
				CB02488C2A91D8C700F15CDA /* UIKitPreviewDemoApp */,
				CB02488B2A91D8C700F15CDA /* Products */,
				CBF8F8DF2A9251A900B48D5E /* Frameworks */,
			);
			sourceTree = "<group>";
		};
		CB02488B2A91D8C700F15CDA /* Products */ = {
			isa = PBXGroup;
			children = (
				CB02488A2A91D8C700F15CDA /* UIKitPreviewDemoApp.app */,
			);
			name = Products;
			sourceTree = "<group>";
		};
		CB02488C2A91D8C700F15CDA /* UIKitPreviewDemoApp */ = {
			isa = PBXGroup;
			children = (
				CB02488D2A91D8C700F15CDA /* AppDelegate.swift */,
				CB02488F2A91D8C700F15CDA /* SceneDelegate.swift */,
				CB0248912A91D8C700F15CDA /* ViewController.swift */,
				CB0248932A91D8C700F15CDA /* Main.storyboard */,
				CB0248962A91D8CA00F15CDA /* Assets.xcassets */,
				CB0248982A91D8CA00F15CDA /* LaunchScreen.storyboard */,
				CB02489B2A91D8CA00F15CDA /* Info.plist */,
			);
			path = UIKitPreviewDemoApp;
			sourceTree = "<group>";
		};
		CBF8F8DF2A9251A900B48D5E /* Frameworks */ = {
			isa = PBXGroup;
			children = (
			);
			name = Frameworks;
			sourceTree = "<group>";
		};
/* End PBXGroup section */

/* Begin PBXNativeTarget section */
		CB0248892A91D8C700F15CDA /* UIKitPreviewDemoApp */ = {
			isa = PBXNativeTarget;
			buildConfigurationList = CB02489E2A91D8CA00F15CDA /* Build configuration list for PBXNativeTarget "UIKitPreviewDemoApp" */;
			buildPhases = (
				CB0248862A91D8C700F15CDA /* Sources */,
				CB0248872A91D8C700F15CDA /* Frameworks */,
				CB0248882A91D8C700F15CDA /* Resources */,
			);
			buildRules = (
			);
			dependencies = (
			);
			name = UIKitPreviewDemoApp;
			packageProductDependencies = (
				CBF8F8E02A9251A900B48D5E /* UIKitPreview */,
			);
			productName = UIKitPreviewDemoApp;
			productReference = CB02488A2A91D8C700F15CDA /* UIKitPreviewDemoApp.app */;
			productType = "com.apple.product-type.application";
		};
/* End PBXNativeTarget section */

/* Begin PBXProject section */
		CB0248822A91D8C700F15CDA /* Project object */ = {
			isa = PBXProject;
			attributes = {
				BuildIndependentTargetsInParallel = 1;
				LastSwiftUpdateCheck = 1500;
				LastUpgradeCheck = 1500;
				TargetAttributes = {
					CB0248892A91D8C700F15CDA = {
						CreatedOnToolsVersion = 15.0;
					};
				};
			};
			buildConfigurationList = CB0248852A91D8C700F15CDA /* Build configuration list for PBXProject "UIKitPreviewDemoApp" */;
			compatibilityVersion = "Xcode 14.0";
			developmentRegion = en;
			hasScannedForEncodings = 0;
			knownRegions = (
				en,
				Base,
			);
			mainGroup = CB0248812A91D8C700F15CDA;
			packageReferences = (
				CBF8F8DC2A92517900B48D5E /* XCLocalSwiftPackageReference "../UIKitPreview" */,
			);
			productRefGroup = CB02488B2A91D8C700F15CDA /* Products */;
			projectDirPath = "";
			projectRoot = "";
			targets = (
				CB0248892A91D8C700F15CDA /* UIKitPreviewDemoApp */,
			);
		};
/* End PBXProject section */

/* Begin PBXResourcesBuildPhase section */
		CB0248882A91D8C700F15CDA /* Resources */ = {
			isa = PBXResourcesBuildPhase;
			buildActionMask = 2147483647;
			files = (
				CB02489A2A91D8CA00F15CDA /* LaunchScreen.storyboard in Resources */,
				CB0248972A91D8CA00F15CDA /* Assets.xcassets in Resources */,
				CB0248952A91D8C700F15CDA /* Main.storyboard in Resources */,
			);
			runOnlyForDeploymentPostprocessing = 0;
		};
/* End PBXResourcesBuildPhase section */

/* Begin PBXSourcesBuildPhase section */
		CB0248862A91D8C700F15CDA /* Sources */ = {
			isa = PBXSourcesBuildPhase;
			buildActionMask = 2147483647;
			files = (
				CB0248922A91D8C700F15CDA /* ViewController.swift in Sources */,
				CB02488E2A91D8C700F15CDA /* AppDelegate.swift in Sources */,
				CB0248902A91D8C700F15CDA /* SceneDelegate.swift in Sources */,
			);
			runOnlyForDeploymentPostprocessing = 0;
		};
/* End PBXSourcesBuildPhase section */

/* Begin PBXVariantGroup section */
		CB0248932A91D8C700F15CDA /* Main.storyboard */ = {
			isa = PBXVariantGroup;
			children = (
				CB0248942A91D8C700F15CDA /* Base */,
			);
			name = Main.storyboard;
			sourceTree = "<group>";
		};
		CB0248982A91D8CA00F15CDA /* LaunchScreen.storyboard */ = {
			isa = PBXVariantGroup;
			children = (
				CB0248992A91D8CA00F15CDA /* Base */,
			);
			name = LaunchScreen.storyboard;
			sourceTree = "<group>";
		};
/* End PBXVariantGroup section */

/* Begin XCBuildConfiguration section */
		CB02489C2A91D8CA00F15CDA /* Debug */ = {
			isa = XCBuildConfiguration;
			buildSettings = {
				ALWAYS_SEARCH_USER_PATHS = NO;
				ASSETCATALOG_COMPILER_GENERATE_SWIFT_ASSET_SYMBOL_EXTENSIONS = YES;
				CLANG_ANALYZER_NONNULL = YES;
				CLANG_ANALYZER_NUMBER_OBJECT_CONVERSION = YES_AGGRESSIVE;
				CLANG_CXX_LANGUAGE_STANDARD = "gnu++20";
				CLANG_ENABLE_MODULES = YES;
				CLANG_ENABLE_OBJC_ARC = YES;
				CLANG_ENABLE_OBJC_WEAK = YES;
				CLANG_WARN_BLOCK_CAPTURE_AUTORELEASING = YES;
				CLANG_WARN_BOOL_CONVERSION = YES;
				CLANG_WARN_COMMA = YES;
				CLANG_WARN_CONSTANT_CONVERSION = YES;
				CLANG_WARN_DEPRECATED_OBJC_IMPLEMENTATIONS = YES;
				CLANG_WARN_DIRECT_OBJC_ISA_USAGE = YES_ERROR;
				CLANG_WARN_DOCUMENTATION_COMMENTS = YES;
				CLANG_WARN_EMPTY_BODY = YES;
				CLANG_WARN_ENUM_CONVERSION = YES;
				CLANG_WARN_INFINITE_RECURSION = YES;
				CLANG_WARN_INT_CONVERSION = YES;
				CLANG_WARN_NON_LITERAL_NULL_CONVERSION = YES;
				CLANG_WARN_OBJC_IMPLICIT_RETAIN_SELF = YES;
				CLANG_WARN_OBJC_LITERAL_CONVERSION = YES;
				CLANG_WARN_OBJC_ROOT_CLASS = YES_ERROR;
				CLANG_WARN_QUOTED_INCLUDE_IN_FRAMEWORK_HEADER = YES;
				CLANG_WARN_RANGE_LOOP_ANALYSIS = YES;
				CLANG_WARN_STRICT_PROTOTYPES = YES;
				CLANG_WARN_SUSPICIOUS_MOVE = YES;
				CLANG_WARN_UNGUARDED_AVAILABILITY = YES_AGGRESSIVE;
				CLANG_WARN_UNREACHABLE_CODE = YES;
				CLANG_WARN__DUPLICATE_METHOD_MATCH = YES;
				COPY_PHASE_STRIP = NO;
				DEBUG_INFORMATION_FORMAT = dwarf;
				ENABLE_STRICT_OBJC_MSGSEND = YES;
				ENABLE_TESTABILITY = YES;
				ENABLE_USER_SCRIPT_SANDBOXING = YES;
				GCC_C_LANGUAGE_STANDARD = gnu17;
				GCC_DYNAMIC_NO_PIC = NO;
				GCC_NO_COMMON_BLOCKS = YES;
				GCC_OPTIMIZATION_LEVEL = 0;
				GCC_PREPROCESSOR_DEFINITIONS = (
					"DEBUG=1",
					"$(inherited)",
				);
				GCC_WARN_64_TO_32_BIT_CONVERSION = YES;
				GCC_WARN_ABOUT_RETURN_TYPE = YES_ERROR;
				GCC_WARN_UNDECLARED_SELECTOR = YES;
				GCC_WARN_UNINITIALIZED_AUTOS = YES_AGGRESSIVE;
				GCC_WARN_UNUSED_FUNCTION = YES;
				GCC_WARN_UNUSED_VARIABLE = YES;
				IPHONEOS_DEPLOYMENT_TARGET = 17.0;
				LOCALIZATION_PREFERS_STRING_CATALOGS = YES;
				MTL_ENABLE_DEBUG_INFO = INCLUDE_SOURCE;
				MTL_FAST_MATH = YES;
				ONLY_ACTIVE_ARCH = YES;
				SDKROOT = iphoneos;
				SWIFT_ACTIVE_COMPILATION_CONDITIONS = "DEBUG $(inherited)";
				SWIFT_OPTIMIZATION_LEVEL = "-Onone";
			};
			name = Debug;
		};
		CB02489D2A91D8CA00F15CDA /* Release */ = {
			isa = XCBuildConfiguration;
			buildSettings = {
				ALWAYS_SEARCH_USER_PATHS = NO;
				ASSETCATALOG_COMPILER_GENERATE_SWIFT_ASSET_SYMBOL_EXTENSIONS = YES;
				CLANG_ANALYZER_NONNULL = YES;
				CLANG_ANALYZER_NUMBER_OBJECT_CONVERSION = YES_AGGRESSIVE;
				CLANG_CXX_LANGUAGE_STANDARD = "gnu++20";
				CLANG_ENABLE_MODULES = YES;
				CLANG_ENABLE_OBJC_ARC = YES;
				CLANG_ENABLE_OBJC_WEAK = YES;
				CLANG_WARN_BLOCK_CAPTURE_AUTORELEASING = YES;
				CLANG_WARN_BOOL_CONVERSION = YES;
				CLANG_WARN_COMMA = YES;
				CLANG_WARN_CONSTANT_CONVERSION = YES;
				CLANG_WARN_DEPRECATED_OBJC_IMPLEMENTATIONS = YES;
				CLANG_WARN_DIRECT_OBJC_ISA_USAGE = YES_ERROR;
				CLANG_WARN_DOCUMENTATION_COMMENTS = YES;
				CLANG_WARN_EMPTY_BODY = YES;
				CLANG_WARN_ENUM_CONVERSION = YES;
				CLANG_WARN_INFINITE_RECURSION = YES;
				CLANG_WARN_INT_CONVERSION = YES;
				CLANG_WARN_NON_LITERAL_NULL_CONVERSION = YES;
				CLANG_WARN_OBJC_IMPLICIT_RETAIN_SELF = YES;
				CLANG_WARN_OBJC_LITERAL_CONVERSION = YES;
				CLANG_WARN_OBJC_ROOT_CLASS = YES_ERROR;
				CLANG_WARN_QUOTED_INCLUDE_IN_FRAMEWORK_HEADER = YES;
				CLANG_WARN_RANGE_LOOP_ANALYSIS = YES;
				CLANG_WARN_STRICT_PROTOTYPES = YES;
				CLANG_WARN_SUSPICIOUS_MOVE = YES;
				CLANG_WARN_UNGUARDED_AVAILABILITY = YES_AGGRESSIVE;
				CLANG_WARN_UNREACHABLE_CODE = YES;
				CLANG_WARN__DUPLICATE_METHOD_MATCH = YES;
				COPY_PHASE_STRIP = NO;
				DEBUG_INFORMATION_FORMAT = "dwarf-with-dsym";
				ENABLE_NS_ASSERTIONS = NO;
				ENABLE_STRICT_OBJC_MSGSEND = YES;
				ENABLE_USER_SCRIPT_SANDBOXING = YES;
				GCC_C_LANGUAGE_STANDARD = gnu17;
				GCC_NO_COMMON_BLOCKS = YES;
				GCC_WARN_64_TO_32_BIT_CONVERSION = YES;
				GCC_WARN_ABOUT_RETURN_TYPE = YES_ERROR;
				GCC_WARN_UNDECLARED_SELECTOR = YES;
				GCC_WARN_UNINITIALIZED_AUTOS = YES_AGGRESSIVE;
				GCC_WARN_UNUSED_FUNCTION = YES;
				GCC_WARN_UNUSED_VARIABLE = YES;
				IPHONEOS_DEPLOYMENT_TARGET = 17.0;
				LOCALIZATION_PREFERS_STRING_CATALOGS = YES;
				MTL_ENABLE_DEBUG_INFO = NO;
				MTL_FAST_MATH = YES;
				SDKROOT = iphoneos;
				SWIFT_COMPILATION_MODE = wholemodule;
				VALIDATE_PRODUCT = YES;
			};
			name = Release;
		};
		CB02489F2A91D8CA00F15CDA /* Debug */ = {
			isa = XCBuildConfiguration;
			buildSettings = {
				ASSETCATALOG_COMPILER_APPICON_NAME = AppIcon;
				ASSETCATALOG_COMPILER_GLOBAL_ACCENT_COLOR_NAME = AccentColor;
				CODE_SIGN_STYLE = Automatic;
				CURRENT_PROJECT_VERSION = 1;
				GENERATE_INFOPLIST_FILE = YES;
				INFOPLIST_FILE = UIKitPreviewDemoApp/Info.plist;
				INFOPLIST_KEY_UIApplicationSupportsIndirectInputEvents = YES;
				INFOPLIST_KEY_UILaunchStoryboardName = LaunchScreen;
				INFOPLIST_KEY_UIMainStoryboardFile = Main;
				INFOPLIST_KEY_UISupportedInterfaceOrientations_iPad = "UIInterfaceOrientationPortrait UIInterfaceOrientationPortraitUpsideDown UIInterfaceOrientationLandscapeLeft UIInterfaceOrientationLandscapeRight";
				INFOPLIST_KEY_UISupportedInterfaceOrientations_iPhone = "UIInterfaceOrientationPortrait UIInterfaceOrientationLandscapeLeft UIInterfaceOrientationLandscapeRight";
				LD_RUNPATH_SEARCH_PATHS = (
					"$(inherited)",
					"@executable_path/Frameworks",
				);
				MARKETING_VERSION = 1.0;
				PRODUCT_BUNDLE_IDENTIFIER = kr.minsone.UIKitPreviewDemoApp;
				PRODUCT_NAME = "$(TARGET_NAME)";
				SWIFT_EMIT_LOC_STRINGS = YES;
				SWIFT_VERSION = 5.0;
				TARGETED_DEVICE_FAMILY = "1,2";
			};
			name = Debug;
		};
		CB0248A02A91D8CA00F15CDA /* Release */ = {
			isa = XCBuildConfiguration;
			buildSettings = {
				ASSETCATALOG_COMPILER_APPICON_NAME = AppIcon;
				ASSETCATALOG_COMPILER_GLOBAL_ACCENT_COLOR_NAME = AccentColor;
				CODE_SIGN_STYLE = Automatic;
				CURRENT_PROJECT_VERSION = 1;
				GENERATE_INFOPLIST_FILE = YES;
				INFOPLIST_FILE = UIKitPreviewDemoApp/Info.plist;
				INFOPLIST_KEY_UIApplicationSupportsIndirectInputEvents = YES;
				INFOPLIST_KEY_UILaunchStoryboardName = LaunchScreen;
				INFOPLIST_KEY_UIMainStoryboardFile = Main;
				INFOPLIST_KEY_UISupportedInterfaceOrientations_iPad = "UIInterfaceOrientationPortrait UIInterfaceOrientationPortraitUpsideDown UIInterfaceOrientationLandscapeLeft UIInterfaceOrientationLandscapeRight";
				INFOPLIST_KEY_UISupportedInterfaceOrientations_iPhone = "UIInterfaceOrientationPortrait UIInterfaceOrientationLandscapeLeft UIInterfaceOrientationLandscapeRight";
				LD_RUNPATH_SEARCH_PATHS = (
					"$(inherited)",
					"@executable_path/Frameworks",
				);
				MARKETING_VERSION = 1.0;
				PRODUCT_BUNDLE_IDENTIFIER = kr.minsone.UIKitPreviewDemoApp;
				PRODUCT_NAME = "$(TARGET_NAME)";
				SWIFT_EMIT_LOC_STRINGS = YES;
				SWIFT_VERSION = 5.0;
				TARGETED_DEVICE_FAMILY = "1,2";
			};
			name = Release;
		};
/* End XCBuildConfiguration section */

/* Begin XCConfigurationList section */
		CB0248852A91D8C700F15CDA /* Build configuration list for PBXProject "UIKitPreviewDemoApp" */ = {
			isa = XCConfigurationList;
			buildConfigurations = (
				CB02489C2A91D8CA00F15CDA /* Debug */,
				CB02489D2A91D8CA00F15CDA /* Release */,
			);
			defaultConfigurationIsVisible = 0;
			defaultConfigurationName = Release;
		};
		CB02489E2A91D8CA00F15CDA /* Build configuration list for PBXNativeTarget "UIKitPreviewDemoApp" */ = {
			isa = XCConfigurationList;
			buildConfigurations = (
				CB02489F2A91D8CA00F15CDA /* Debug */,
				CB0248A02A91D8CA00F15CDA /* Release */,
			);
			defaultConfigurationIsVisible = 0;
			defaultConfigurationName = Release;
		};
/* End XCConfigurationList section */

/* Begin XCLocalSwiftPackageReference section */
		CBF8F8DC2A92517900B48D5E /* XCLocalSwiftPackageReference "../UIKitPreview" */ = {
			isa = XCLocalSwiftPackageReference;
			relativePath = ../UIKitPreview;
		};
/* End XCLocalSwiftPackageReference section */

/* Begin XCSwiftPackageProductDependency section */
		CBF8F8E02A9251A900B48D5E /* UIKitPreview */ = {
			isa = XCSwiftPackageProductDependency;
			package = CBF8F8DC2A92517900B48D5E /* XCLocalSwiftPackageReference "../UIKitPreview" */;
			productName = UIKitPreview;
		};
/* End XCSwiftPackageProductDependency section */
	};
	rootObject = CB0248822A91D8C700F15CDA /* Project object */;
}
